
Microsoft Visual Studio Solution File, Format Version 12.00
# Visual Studio Version 16
VisualStudioVersion = 16.0.31005.135
MinimumVisualStudioVersion = 10.0.40219.1
Project("{FAE04EC0-301F-11D3-BF4B-00C04F79EFBC}") = "controldecalidad", "controldecalidad\controldecalidad.csproj", "{94C48A3A-5D21-4C5A-BE9B-28149F31CBCA}"
EndProject
Global
	GlobalSection(SolutionConfigurationPlatforms) = preSolution
		Debug|Any CPU = Debug|Any CPU
		Release|Any CPU = Release|Any CPU
	EndGlobalSection
	GlobalSection(ProjectConfigurationPlatforms) = postSolution
		{94C48A3A-5D21-4C5A-BE9B-28149F31CBCA}.Debug|Any CPU.ActiveCfg = Debug|Any CPU
		{94C48A3A-5D21-4C5A-BE9B-28149F31CBCA}.Debug|Any CPU.Build.0 = Debug|Any CPU
		{94C48A3A-5D21-4C5A-BE9B-28149F31CBCA}.Release|Any CPU.ActiveCfg = Release|Any CPU
		{94C48A3A-5D21-4C5A-BE9B-28149F31CBCA}.Release|Any CPU.Build.0 = Release|Any CPU
	EndGlobalSection
	GlobalSection(SolutionProperties) = preSolution
		HideSolutionNode = FALSE
	EndGlobalSection
	GlobalSection(ExtensibilityGlobals) = postSolution
		SolutionGuid = {04647479-0BF5-432A-A754-F298E4D9FA74}
	EndGlobalSection
EndGlobal
